
Microsoft Visual Studio Solution File, Format Version 12.00
# Visual Studio Version 17
VisualStudioVersion = 17.14.37628.2 d17.14
MinimumVisualStudioVersion = 10.0.40219.1
Project("{FAE04EC0-301F-11D3-BF4B-00C04F79EFBC}") = "Test_automation_lab1(7)_303", "Test_automation_lab1(7)_303\Test_automation_lab1(7)_303.csproj", "{1353B6E8-6E19-4A8F-A90B-1177451F07D8}"
EndProject
Global
	GlobalSection(SolutionConfigurationPlatforms) = preSolution
		Debug|Any CPU = Debug|Any CPU
		Release|Any CPU = Release|Any CPU
	EndGlobalSection
	GlobalSection(ProjectConfigurationPlatforms) = postSolution
		{1353B6E8-6E19-4A8F-A90B-1177451F07D8}.Debug|Any CPU.ActiveCfg = Debug|Any CPU
		{1353B6E8-6E19-4A8F-A90B-1177451F07D8}.Debug|Any CPU.Build.0 = Debug|Any CPU
		{1353B6E8-6E19-4A8F-A90B-1177451F07D8}.Release|Any CPU.ActiveCfg = Release|Any CPU
		{1353B6E8-6E19-4A8F-A90B-1177451F07D8}.Release|Any CPU.Build.0 = Release|Any CPU
	EndGlobalSection
	GlobalSection(SolutionProperties) = preSolution
		HideSolutionNode = FALSE
	EndGlobalSection
	GlobalSection(ExtensibilityGlobals) = postSolution
		SolutionGuid = {ED6C4DE0-5774-4C26-9621-AD7029475499}
	EndGlobalSection
EndGlobal
